// !$*UTF8*$!
{
	archiveVersion = 1;
	classes = {
	};
	objectVersion = 50;
	objects = {

/* Begin PBXBuildFile section */
		C037E067240893220058E37F /* Habit.swift in Sources */ = {isa = PBXBuildFile; fileRef = C037E066240893220058E37F /* Habit.swift */; };
		C039AC6B240DC98400E5921A /* HabitTableViewCell.swift in Sources */ = {isa = PBXBuildFile; fileRef = C039AC69240DC98400E5921A /* HabitTableViewCell.swift */; };
		C039AC6C240DC98400E5921A /* HabitTableViewCell.xib in Resources */ = {isa = PBXBuildFile; fileRef = C039AC6A240DC98400E5921A /* HabitTableViewCell.xib */; };
		C039AC6E240DCE0900E5921A /* PersistenceLayer.swift in Sources */ = {isa = PBXBuildFile; fileRef = C039AC6D240DCE0900E5921A /* PersistenceLayer.swift */; };
		C039AC73240DCF2800E5921A /* AddHabitViewController.swift in Sources */ = {isa = PBXBuildFile; fileRef = C039AC71240DCF2800E5921A /* AddHabitViewController.swift */; };
		C039AC74240DCF2800E5921A /* AddHabitViewController.xib in Resources */ = {isa = PBXBuildFile; fileRef = C039AC72240DCF2800E5921A /* AddHabitViewController.xib */; };
		C039AC77240DDA9D00E5921A /* HabitImageCollectionViewCell.swift in Sources */ = {isa = PBXBuildFile; fileRef = C039AC75240DDA9D00E5921A /* HabitImageCollectionViewCell.swift */; };
		C039AC78240DDA9D00E5921A /* HabitImageCollectionViewCell.xib in Resources */ = {isa = PBXBuildFile; fileRef = C039AC76240DDA9D00E5921A /* HabitImageCollectionViewCell.xib */; };
		C039AC7B240DE00600E5921A /* ConfirmHabitViewController.swift in Sources */ = {isa = PBXBuildFile; fileRef = C039AC79240DE00600E5921A /* ConfirmHabitViewController.swift */; };
		C039AC7C240DE00600E5921A /* ConfirmHabitViewController.xib in Resources */ = {isa = PBXBuildFile; fileRef = C039AC7A240DE00600E5921A /* ConfirmHabitViewController.xib */; };
		C039AC7F240E366C00E5921A /* HabitDetailedViewController.swift in Sources */ = {isa = PBXBuildFile; fileRef = C039AC7D240E366C00E5921A /* HabitDetailedViewController.swift */; };
		C039AC80240E366C00E5921A /* HabitDetailedViewController.xib in Resources */ = {isa = PBXBuildFile; fileRef = C039AC7E240E366C00E5921A /* HabitDetailedViewController.xib */; };
		C039AC82240E45E200E5921A /* DateExtensions.swift in Sources */ = {isa = PBXBuildFile; fileRef = C039AC81240E45E200E5921A /* DateExtensions.swift */; };
		C084F1CC23FE7C9700D523A9 /* AppDelegate.swift in Sources */ = {isa = PBXBuildFile; fileRef = C084F1CB23FE7C9700D523A9 /* AppDelegate.swift */; };
		C084F1CE23FE7C9700D523A9 /* SceneDelegate.swift in Sources */ = {isa = PBXBuildFile; fileRef = C084F1CD23FE7C9700D523A9 /* SceneDelegate.swift */; };
		C084F1D523FE7C9B00D523A9 /* Assets.xcassets in Resources */ = {isa = PBXBuildFile; fileRef = C084F1D423FE7C9B00D523A9 /* Assets.xcassets */; };
		C084F1D823FE7C9B00D523A9 /* LaunchScreen.storyboard in Resources */ = {isa = PBXBuildFile; fileRef = C084F1D623FE7C9B00D523A9 /* LaunchScreen.storyboard */; };
		C09EB6A823FF57E900832381 /* HabitsTableViewController.swift in Sources */ = {isa = PBXBuildFile; fileRef = C09EB6A623FF57E900832381 /* HabitsTableViewController.swift */; };
		C09EB6A923FF57E900832381 /* HabitsTableViewController.xib in Resources */ = {isa = PBXBuildFile; fileRef = C09EB6A723FF57E900832381 /* HabitsTableViewController.xib */; };
		C09EB6AB23FF58A500832381 /* UIViewControllerExtensions.swift in Sources */ = {isa = PBXBuildFile; fileRef = C09EB6AA23FF58A500832381 /* UIViewControllerExtensions.swift */; };
/* End PBXBuildFile section */

/* Begin PBXFileReference section */
		C037E066240893220058E37F /* Habit.swift */ = {isa = PBXFileReference; lastKnownFileType = sourcecode.swift; path = Habit.swift; sourceTree = "<group>"; };
		C039AC69240DC98400E5921A /* HabitTableViewCell.swift */ = {isa = PBXFileReference; lastKnownFileType = sourcecode.swift; path = HabitTableViewCell.swift; sourceTree = "<group>"; };
		C039AC6A240DC98400E5921A /* HabitTableViewCell.xib */ = {isa = PBXFileReference; lastKnownFileType = file.xib; path = HabitTableViewCell.xib; sourceTree = "<group>"; };
		C039AC6D240DCE0900E5921A /* PersistenceLayer.swift */ = {isa = PBXFileReference; lastKnownFileType = sourcecode.swift; path = PersistenceLayer.swift; sourceTree = "<group>"; };
		C039AC71240DCF2800E5921A /* AddHabitViewController.swift */ = {isa = PBXFileReference; lastKnownFileType = sourcecode.swift; path = AddHabitViewController.swift; sourceTree = "<group>"; };
		C039AC72240DCF2800E5921A /* AddHabitViewController.xib */ = {isa = PBXFileReference; lastKnownFileType = file.xib; path = AddHabitViewController.xib; sourceTree = "<group>"; };
		C039AC75240DDA9D00E5921A /* HabitImageCollectionViewCell.swift */ = {isa = PBXFileReference; lastKnownFileType = sourcecode.swift; path = HabitImageCollectionViewCell.swift; sourceTree = "<group>"; };
		C039AC76240DDA9D00E5921A /* HabitImageCollectionViewCell.xib */ = {isa = PBXFileReference; lastKnownFileType = file.xib; path = HabitImageCollectionViewCell.xib; sourceTree = "<group>"; };
		C039AC79240DE00600E5921A /* ConfirmHabitViewController.swift */ = {isa = PBXFileReference; lastKnownFileType = sourcecode.swift; path = ConfirmHabitViewController.swift; sourceTree = "<group>"; };
		C039AC7A240DE00600E5921A /* ConfirmHabitViewController.xib */ = {isa = PBXFileReference; lastKnownFileType = file.xib; path = ConfirmHabitViewController.xib; sourceTree = "<group>"; };
		C039AC7D240E366C00E5921A /* HabitDetailedViewController.swift */ = {isa = PBXFileReference; lastKnownFileType = sourcecode.swift; path = HabitDetailedViewController.swift; sourceTree = "<group>"; };
		C039AC7E240E366C00E5921A /* HabitDetailedViewController.xib */ = {isa = PBXFileReference; lastKnownFileType = file.xib; path = HabitDetailedViewController.xib; sourceTree = "<group>"; };
		C039AC81240E45E200E5921A /* DateExtensions.swift */ = {isa = PBXFileReference; lastKnownFileType = sourcecode.swift; path = DateExtensions.swift; sourceTree = "<group>"; };
		C084F1C823FE7C9700D523A9 /* Habitual.app */ = {isa = PBXFileReference; explicitFileType = wrapper.application; includeInIndex = 0; path = Habitual.app; sourceTree = BUILT_PRODUCTS_DIR; };
		C084F1CB23FE7C9700D523A9 /* AppDelegate.swift */ = {isa = PBXFileReference; lastKnownFileType = sourcecode.swift; path = AppDelegate.swift; sourceTree = "<group>"; };
		C084F1CD23FE7C9700D523A9 /* SceneDelegate.swift */ = {isa = PBXFileReference; lastKnownFileType = sourcecode.swift; path = SceneDelegate.swift; sourceTree = "<group>"; };
		C084F1D423FE7C9B00D523A9 /* Assets.xcassets */ = {isa = PBXFileReference; lastKnownFileType = folder.assetcatalog; path = Assets.xcassets; sourceTree = "<group>"; };
		C084F1D723FE7C9B00D523A9 /* Base */ = {isa = PBXFileReference; lastKnownFileType = file.storyboard; name = Base; path = Base.lproj/LaunchScreen.storyboard; sourceTree = "<group>"; };
		C084F1D923FE7C9B00D523A9 /* Info.plist */ = {isa = PBXFileReference; lastKnownFileType = text.plist.xml; path = Info.plist; sourceTree = "<group>"; };
		C09EB6A623FF57E900832381 /* HabitsTableViewController.swift */ = {isa = PBXFileReference; lastKnownFileType = sourcecode.swift; path = HabitsTableViewController.swift; sourceTree = "<group>"; };
		C09EB6A723FF57E900832381 /* HabitsTableViewController.xib */ = {isa = PBXFileReference; lastKnownFileType = file.xib; path = HabitsTableViewController.xib; sourceTree = "<group>"; };
		C09EB6AA23FF58A500832381 /* UIViewControllerExtensions.swift */ = {isa = PBXFileReference; lastKnownFileType = sourcecode.swift; path = UIViewControllerExtensions.swift; sourceTree = "<group>"; };
/* End PBXFileReference section */

/* Begin PBXFrameworksBuildPhase section */
		C084F1C523FE7C9700D523A9 /* Frameworks */ = {
			isa = PBXFrameworksBuildPhase;
			buildActionMask = 2147483647;
			files = (
			);
			runOnlyForDeploymentPostprocessing = 0;
		};
/* End PBXFrameworksBuildPhase section */

/* Begin PBXGroup section */
		C084F1BF23FE7C9700D523A9 = {
			isa = PBXGroup;
			children = (
				C084F1CA23FE7C9700D523A9 /* Habitual */,
				C084F1C923FE7C9700D523A9 /* Products */,
			);
			sourceTree = "<group>";
		};
		C084F1C923FE7C9700D523A9 /* Products */ = {
			isa = PBXGroup;
			children = (
				C084F1C823FE7C9700D523A9 /* Habitual.app */,
			);
			name = Products;
			sourceTree = "<group>";
		};
		C084F1CA23FE7C9700D523A9 /* Habitual */ = {
			isa = PBXGroup;
			children = (
				C09EB6AA23FF58A500832381 /* UIViewControllerExtensions.swift */,
				C084F1CB23FE7C9700D523A9 /* AppDelegate.swift */,
				C084F1CD23FE7C9700D523A9 /* SceneDelegate.swift */,
				C09EB6AC23FF596700832381 /* Views */,
				C084F1D423FE7C9B00D523A9 /* Assets.xcassets */,
				C084F1D623FE7C9B00D523A9 /* LaunchScreen.storyboard */,
				C084F1D923FE7C9B00D523A9 /* Info.plist */,
			);
			path = Habitual;
			sourceTree = "<group>";
		};
		C09EB6AC23FF596700832381 /* Views */ = {
			isa = PBXGroup;
			children = (
				C09EB6A623FF57E900832381 /* HabitsTableViewController.swift */,
				C09EB6A723FF57E900832381 /* HabitsTableViewController.xib */,
				C039AC69240DC98400E5921A /* HabitTableViewCell.swift */,
				C039AC6A240DC98400E5921A /* HabitTableViewCell.xib */,
				C039AC6D240DCE0900E5921A /* PersistenceLayer.swift */,
				C037E066240893220058E37F /* Habit.swift */,
				C039AC71240DCF2800E5921A /* AddHabitViewController.swift */,
				C039AC72240DCF2800E5921A /* AddHabitViewController.xib */,
				C039AC75240DDA9D00E5921A /* HabitImageCollectionViewCell.swift */,
				C039AC76240DDA9D00E5921A /* HabitImageCollectionViewCell.xib */,
				C039AC79240DE00600E5921A /* ConfirmHabitViewController.swift */,
				C039AC7A240DE00600E5921A /* ConfirmHabitViewController.xib */,
				C039AC7D240E366C00E5921A /* HabitDetailedViewController.swift */,
				C039AC7E240E366C00E5921A /* HabitDetailedViewController.xib */,
				C039AC81240E45E200E5921A /* DateExtensions.swift */,
			);
			path = Views;
			sourceTree = "<group>";
		};
/* End PBXGroup section */

/* Begin PBXNativeTarget section */
		C084F1C723FE7C9700D523A9 /* Habitual */ = {
			isa = PBXNativeTarget;
			buildConfigurationList = C084F1DC23FE7C9B00D523A9 /* Build configuration list for PBXNativeTarget "Habitual" */;
			buildPhases = (
				C084F1C423FE7C9700D523A9 /* Sources */,
				C084F1C523FE7C9700D523A9 /* Frameworks */,
				C084F1C623FE7C9700D523A9 /* Resources */,
			);
			buildRules = (
			);
			dependencies = (
			);
			name = Habitual;
			productName = Habitual;
			productReference = C084F1C823FE7C9700D523A9 /* Habitual.app */;
			productType = "com.apple.product-type.application";
		};
/* End PBXNativeTarget section */

/* Begin PBXProject section */
		C084F1C023FE7C9700D523A9 /* Project object */ = {
			isa = PBXProject;
			attributes = {
				LastSwiftUpdateCheck = 1130;
				LastUpgradeCheck = 1130;
				ORGANIZATIONNAME = "Jessica Trinh";
				TargetAttributes = {
					C084F1C723FE7C9700D523A9 = {
						CreatedOnToolsVersion = 11.3.1;
					};
				};
			};
			buildConfigurationList = C084F1C323FE7C9700D523A9 /* Build configuration list for PBXProject "Habitual" */;
			compatibilityVersion = "Xcode 9.3";
			developmentRegion = en;
			hasScannedForEncodings = 0;
			knownRegions = (
				en,
				Base,
			);
			mainGroup = C084F1BF23FE7C9700D523A9;
			productRefGroup = C084F1C923FE7C9700D523A9 /* Products */;
			projectDirPath = "";
			projectRoot = "";
			targets = (
				C084F1C723FE7C9700D523A9 /* Habitual */,
			);
		};
/* End PBXProject section */

/* Begin PBXResourcesBuildPhase section */
		C084F1C623FE7C9700D523A9 /* Resources */ = {
			isa = PBXResourcesBuildPhase;
			buildActionMask = 2147483647;
			files = (
				C084F1D823FE7C9B00D523A9 /* LaunchScreen.storyboard in Resources */,
				C039AC74240DCF2800E5921A /* AddHabitViewController.xib in Resources */,
				C039AC7C240DE00600E5921A /* ConfirmHabitViewController.xib in Resources */,
				C039AC80240E366C00E5921A /* HabitDetailedViewController.xib in Resources */,
				C09EB6A923FF57E900832381 /* HabitsTableViewController.xib in Resources */,
				C039AC6C240DC98400E5921A /* HabitTableViewCell.xib in Resources */,
				C039AC78240DDA9D00E5921A /* HabitImageCollectionViewCell.xib in Resources */,
				C084F1D523FE7C9B00D523A9 /* Assets.xcassets in Resources */,
			);
			runOnlyForDeploymentPostprocessing = 0;
		};
/* End PBXResourcesBuildPhase section */

/* Begin PBXSourcesBuildPhase section */
		C084F1C423FE7C9700D523A9 /* Sources */ = {
			isa = PBXSourcesBuildPhase;
			buildActionMask = 2147483647;
			files = (
				C09EB6AB23FF58A500832381 /* UIViewControllerExtensions.swift in Sources */,
				C039AC77240DDA9D00E5921A /* HabitImageCollectionViewCell.swift in Sources */,
				C039AC7F240E366C00E5921A /* HabitDetailedViewController.swift in Sources */,
				C037E067240893220058E37F /* Habit.swift in Sources */,
				C084F1CC23FE7C9700D523A9 /* AppDelegate.swift in Sources */,
				C039AC82240E45E200E5921A /* DateExtensions.swift in Sources */,
				C084F1CE23FE7C9700D523A9 /* SceneDelegate.swift in Sources */,
				C039AC6E240DCE0900E5921A /* PersistenceLayer.swift in Sources */,
				C039AC7B240DE00600E5921A /* ConfirmHabitViewController.swift in Sources */,
				C039AC6B240DC98400E5921A /* HabitTableViewCell.swift in Sources */,
				C09EB6A823FF57E900832381 /* HabitsTableViewController.swift in Sources */,
				C039AC73240DCF2800E5921A /* AddHabitViewController.swift in Sources */,
			);
			runOnlyForDeploymentPostprocessing = 0;
		};
/* End PBXSourcesBuildPhase section */

/* Begin PBXVariantGroup section */
		C084F1D623FE7C9B00D523A9 /* LaunchScreen.storyboard */ = {
			isa = PBXVariantGroup;
			children = (
				C084F1D723FE7C9B00D523A9 /* Base */,
			);
			name = LaunchScreen.storyboard;
			sourceTree = "<group>";
		};
/* End PBXVariantGroup section */

/* Begin XCBuildConfiguration section */
		C084F1DA23FE7C9B00D523A9 /* Debug */ = {
			isa = XCBuildConfiguration;
			buildSettings = {
				ALWAYS_SEARCH_USER_PATHS = NO;
				CLANG_ANALYZER_NONNULL = YES;
				CLANG_ANALYZER_NUMBER_OBJECT_CONVERSION = YES_AGGRESSIVE;
				CLANG_CXX_LANGUAGE_STANDARD = "gnu++14";
				CLANG_CXX_LIBRARY = "libc++";
				CLANG_ENABLE_MODULES = YES;
				CLANG_ENABLE_OBJC_ARC = YES;
				CLANG_ENABLE_OBJC_WEAK = YES;
				CLANG_WARN_BLOCK_CAPTURE_AUTORELEASING = YES;
				CLANG_WARN_BOOL_CONVERSION = YES;
				CLANG_WARN_COMMA = YES;
				CLANG_WARN_CONSTANT_CONVERSION = YES;
				CLANG_WARN_DEPRECATED_OBJC_IMPLEMENTATIONS = YES;
				CLANG_WARN_DIRECT_OBJC_ISA_USAGE = YES_ERROR;
				CLANG_WARN_DOCUMENTATION_COMMENTS = YES;
				CLANG_WARN_EMPTY_BODY = YES;
				CLANG_WARN_ENUM_CONVERSION = YES;
				CLANG_WARN_INFINITE_RECURSION = YES;
				CLANG_WARN_INT_CONVERSION = YES;
				CLANG_WARN_NON_LITERAL_NULL_CONVERSION = YES;
				CLANG_WARN_OBJC_IMPLICIT_RETAIN_SELF = YES;
				CLANG_WARN_OBJC_LITERAL_CONVERSION = YES;
				CLANG_WARN_OBJC_ROOT_CLASS = YES_ERROR;
				CLANG_WARN_RANGE_LOOP_ANALYSIS = YES;
				CLANG_WARN_STRICT_PROTOTYPES = YES;
				CLANG_WARN_SUSPICIOUS_MOVE = YES;
				CLANG_WARN_UNGUARDED_AVAILABILITY = YES_AGGRESSIVE;
				CLANG_WARN_UNREACHABLE_CODE = YES;
				CLANG_WARN__DUPLICATE_METHOD_MATCH = YES;
				COPY_PHASE_STRIP = NO;
				DEBUG_INFORMATION_FORMAT = dwarf;
				ENABLE_STRICT_OBJC_MSGSEND = YES;
				ENABLE_TESTABILITY = YES;
				GCC_C_LANGUAGE_STANDARD = gnu11;
				GCC_DYNAMIC_NO_PIC = NO;
				GCC_NO_COMMON_BLOCKS = YES;
				GCC_OPTIMIZATION_LEVEL = 0;
				GCC_PREPROCESSOR_DEFINITIONS = (
					"DEBUG=1",
					"$(inherited)",
				);
				GCC_WARN_64_TO_32_BIT_CONVERSION = YES;
				GCC_WARN_ABOUT_RETURN_TYPE = YES_ERROR;
				GCC_WARN_UNDECLARED_SELECTOR = YES;
				GCC_WARN_UNINITIALIZED_AUTOS = YES_AGGRESSIVE;
				GCC_WARN_UNUSED_FUNCTION = YES;
				GCC_WARN_UNUSED_VARIABLE = YES;
				IPHONEOS_DEPLOYMENT_TARGET = 13.2;
				MTL_ENABLE_DEBUG_INFO = INCLUDE_SOURCE;
				MTL_FAST_MATH = YES;
				ONLY_ACTIVE_ARCH = YES;
				SDKROOT = iphoneos;
				SWIFT_ACTIVE_COMPILATION_CONDITIONS = DEBUG;
				SWIFT_OPTIMIZATION_LEVEL = "-Onone";
			};
			name = Debug;
		};
		C084F1DB23FE7C9B00D523A9 /* Release */ = {
			isa = XCBuildConfiguration;
			buildSettings = {
				ALWAYS_SEARCH_USER_PATHS = NO;
				CLANG_ANALYZER_NONNULL = YES;
				CLANG_ANALYZER_NUMBER_OBJECT_CONVERSION = YES_AGGRESSIVE;
				CLANG_CXX_LANGUAGE_STANDARD = "gnu++14";
				CLANG_CXX_LIBRARY = "libc++";
				CLANG_ENABLE_MODULES = YES;
				CLANG_ENABLE_OBJC_ARC = YES;
				CLANG_ENABLE_OBJC_WEAK = YES;
				CLANG_WARN_BLOCK_CAPTURE_AUTORELEASING = YES;
				CLANG_WARN_BOOL_CONVERSION = YES;
				CLANG_WARN_COMMA = YES;
				CLANG_WARN_CONSTANT_CONVERSION = YES;
				CLANG_WARN_DEPRECATED_OBJC_IMPLEMENTATIONS = YES;
				CLANG_WARN_DIRECT_OBJC_ISA_USAGE = YES_ERROR;
				CLANG_WARN_DOCUMENTATION_COMMENTS = YES;
				CLANG_WARN_EMPTY_BODY = YES;
				CLANG_WARN_ENUM_CONVERSION = YES;
				CLANG_WARN_INFINITE_RECURSION = YES;
				CLANG_WARN_INT_CONVERSION = YES;
				CLANG_WARN_NON_LITERAL_NULL_CONVERSION = YES;
				CLANG_WARN_OBJC_IMPLICIT_RETAIN_SELF = YES;
				CLANG_WARN_OBJC_LITERAL_CONVERSION = YES;
				CLANG_WARN_OBJC_ROOT_CLASS = YES_ERROR;
				CLANG_WARN_RANGE_LOOP_ANALYSIS = YES;
				CLANG_WARN_STRICT_PROTOTYPES = YES;
				CLANG_WARN_SUSPICIOUS_MOVE = YES;
				CLANG_WARN_UNGUARDED_AVAILABILITY = YES_AGGRESSIVE;
				CLANG_WARN_UNREACHABLE_CODE = YES;
				CLANG_WARN__DUPLICATE_METHOD_MATCH = YES;
				COPY_PHASE_STRIP = NO;
				DEBUG_INFORMATION_FORMAT = "dwarf-with-dsym";
				ENABLE_NS_ASSERTIONS = NO;
				ENABLE_STRICT_OBJC_MSGSEND = YES;
				GCC_C_LANGUAGE_STANDARD = gnu11;
				GCC_NO_COMMON_BLOCKS = YES;
				GCC_WARN_64_TO_32_BIT_CONVERSION = YES;
				GCC_WARN_ABOUT_RETURN_TYPE = YES_ERROR;
				GCC_WARN_UNDECLARED_SELECTOR = YES;
				GCC_WARN_UNINITIALIZED_AUTOS = YES_AGGRESSIVE;
				GCC_WARN_UNUSED_FUNCTION = YES;
				GCC_WARN_UNUSED_VARIABLE = YES;
				IPHONEOS_DEPLOYMENT_TARGET = 13.2;
				MTL_ENABLE_DEBUG_INFO = NO;
				MTL_FAST_MATH = YES;
				SDKROOT = iphoneos;
				SWIFT_COMPILATION_MODE = wholemodule;
				SWIFT_OPTIMIZATION_LEVEL = "-O";
				VALIDATE_PRODUCT = YES;
			};
			name = Release;
		};
		C084F1DD23FE7C9B00D523A9 /* Debug */ = {
			isa = XCBuildConfiguration;
			buildSettings = {
				ASSETCATALOG_COMPILER_APPICON_NAME = AppIcon;
				CODE_SIGN_STYLE = Automatic;
				DEVELOPMENT_TEAM = 95TXKAQ9ZU;
				INFOPLIST_FILE = Habitual/Info.plist;
				LD_RUNPATH_SEARCH_PATHS = (
					"$(inherited)",
					"@executable_path/Frameworks",
				);
				PRODUCT_BUNDLE_IDENTIFIER = "com.jessica-trinh.Habitual";
				PRODUCT_NAME = "$(TARGET_NAME)";
				SWIFT_VERSION = 5.0;
				TARGETED_DEVICE_FAMILY = "1,2";
			};
			name = Debug;
		};
		C084F1DE23FE7C9B00D523A9 /* Release */ = {
			isa = XCBuildConfiguration;
			buildSettings = {
				ASSETCATALOG_COMPILER_APPICON_NAME = AppIcon;
				CODE_SIGN_STYLE = Automatic;
				DEVELOPMENT_TEAM = 95TXKAQ9ZU;
				INFOPLIST_FILE = Habitual/Info.plist;
				LD_RUNPATH_SEARCH_PATHS = (
					"$(inherited)",
					"@executable_path/Frameworks",
				);
				PRODUCT_BUNDLE_IDENTIFIER = "com.jessica-trinh.Habitual";
				PRODUCT_NAME = "$(TARGET_NAME)";
				SWIFT_VERSION = 5.0;
				TARGETED_DEVICE_FAMILY = "1,2";
			};
			name = Release;
		};
/* End XCBuildConfiguration section */

/* Begin XCConfigurationList section */
		C084F1C323FE7C9700D523A9 /* Build configuration list for PBXProject "Habitual" */ = {
			isa = XCConfigurationList;
			buildConfigurations = (
				C084F1DA23FE7C9B00D523A9 /* Debug */,
				C084F1DB23FE7C9B00D523A9 /* Release */,
			);
			defaultConfigurationIsVisible = 0;
			defaultConfigurationName = Release;
		};
		C084F1DC23FE7C9B00D523A9 /* Build configuration list for PBXNativeTarget "Habitual" */ = {
			isa = XCConfigurationList;
			buildConfigurations = (
				C084F1DD23FE7C9B00D523A9 /* Debug */,
				C084F1DE23FE7C9B00D523A9 /* Release */,
			);
			defaultConfigurationIsVisible = 0;
			defaultConfigurationName = Release;
		};
/* End XCConfigurationList section */
	};
	rootObject = C084F1C023FE7C9700D523A9 /* Project object */;
}
